
Microsoft Visual Studio Solution File, Format Version 12.00
# Visual Studio Version 16
VisualStudioVersion = 25.0.1706.5
MinimumVisualStudioVersion = 10.0.40219.1
Project("{FAE04EC0-301F-11D3-BF4B-00C04F79EFBC}") = "Native Plant Finder", "Native Plant Finder\Native Plant Finder.csproj", "{4DB5C1F7-EF92-4DE9-8887-2FCCA261C733}"
EndProject
Global
	GlobalSection(SolutionConfigurationPlatforms) = preSolution
		Debug|Any CPU = Debug|Any CPU
		Release|Any CPU = Release|Any CPU
	EndGlobalSection
	GlobalSection(ProjectConfigurationPlatforms) = postSolution
		{4DB5C1F7-EF92-4DE9-8887-2FCCA261C733}.Debug|Any CPU.ActiveCfg = Debug|Any CPU
		{4DB5C1F7-EF92-4DE9-8887-2FCCA261C733}.Debug|Any CPU.Build.0 = Debug|Any CPU
		{4DB5C1F7-EF92-4DE9-8887-2FCCA261C733}.Release|Any CPU.ActiveCfg = Release|Any CPU
		{4DB5C1F7-EF92-4DE9-8887-2FCCA261C733}.Release|Any CPU.Build.0 = Release|Any CPU
	EndGlobalSection
	GlobalSection(SolutionProperties) = preSolution
		HideSolutionNode = FALSE
	EndGlobalSection
	GlobalSection(ExtensibilityGlobals) = postSolution
		SolutionGuid = {62EB8A71-DAB0-4427-A083-227F4FB5B4F1}
	EndGlobalSection
EndGlobal
